{
  "name": "ft_transcendence",
  "lockfileVersion": 3,
  "requires": true,
  "packages": {
    "": {
      "dependencies": {
        "fastify-websocket": "^4.3.0",
        "ws": "^8.18.1"
      }
    },
    "node_modules/fastify-plugin": {
      "version": "3.0.1",
      "resolved": "https://registry.npmjs.org/fastify-plugin/-/fastify-plugin-3.0.1.tgz",
      "integrity": "sha512-qKcDXmuZadJqdTm6vlCqioEbyewF60b/0LOFCcYN1B6BIZGlYJumWWOYs70SFYLDAH4YqdE1cxH/RKMG7rFxgA=="
    },
    "node_modules/fastify-websocket": {
      "version": "4.3.0",
      "resolved": "https://registry.npmjs.org/fastify-websocket/-/fastify-websocket-4.3.0.tgz",
      "integrity": "sha512-PLoXjlKHaWOEIJ7tHStM2i8aL4kdYVB8d1Umf7TdpQ93kG7OopO7eV4IAyO545kRiE8pyL1AbjlJeZ7irDA1aA==",
      "deprecated": "Please use @fastify/websocket@5.0.0 instead",
      "dependencies": {
        "fastify-websocket-deprecated": "npm:fastify-websocket@4.2.2",
        "process-warning": "^1.0.0"
      }
    },
    "node_modules/fastify-websocket-deprecated": {
      "name": "fastify-websocket",
      "version": "4.2.2",
      "resolved": "https://registry.npmjs.org/fastify-websocket/-/fastify-websocket-4.2.2.tgz",
      "integrity": "sha512-Cx4CZwercvoPq4fc6f09VAoa3wqp9qOQUDHp8wMkCHau4zw7wGa+C3Oi2QNUvhvNqw6N4mH8WWYLEnGXUlnumg==",
      "dependencies": {
        "fastify-plugin": "^3.0.0",
        "ws": "^8.0.0"
      }
    },
    "node_modules/process-warning": {
      "version": "1.0.0",
      "resolved": "https://registry.npmjs.org/process-warning/-/process-warning-1.0.0.tgz",
      "integrity": "sha512-du4wfLyj4yCZq1VupnVSZmRsPJsNuxoDQFdCFHLaYiEbFBD7QE0a+I4D7hOxrVnh78QE/YipFAj9lXHiXocV+Q=="
    },
    "node_modules/ws": {
      "version": "8.18.1",
      "resolved": "https://registry.npmjs.org/ws/-/ws-8.18.1.tgz",
      "integrity": "sha512-RKW2aJZMXeMxVpnZ6bck+RswznaxmzdULiBr6KY7XkTnW8uvt0iT9H5DkHUChXrc+uurzwa0rVI16n/Xzjdz1w==",
      "engines": {
        "node": ">=10.0.0"
      },
      "peerDependencies": {
        "bufferutil": "^4.0.1",
        "utf-8-validate": ">=5.0.2"
      },
      "peerDependenciesMeta": {
        "bufferutil": {
          "optional": true
        },
        "utf-8-validate": {
          "optional": true
        }
      }
    }
  }
}
